<?xml version="1.0" encoding="utf-8"?>
<Project ToolsVersion="4.0" xmlns="http://schemas.microsoft.com/developer/msbuild/2003">
  <ItemGroup>
    <ClCompile Include="file\AsyncFile.cpp" />
    <ClCompile Include="meta\Test.cpp" />
    <ClCompile Include="file\SyncFile.cpp" />
    <ClCompile Include="data\Memory.cpp" />
    <ClCompile Include="data\String.cpp" />
    <ClCompile Include="data\DataArray.cpp" />
  </ItemGroup>
</Project>