<?xml version="1.0" encoding="utf-8"?>
<Project ToolsVersion="4.0" xmlns="http://schemas.microsoft.com/developer/msbuild/2003">
  <ItemGroup>
    <ClInclude Include="process\Process.h">
      <Filter>process</Filter>
    </ClInclude>
    <ClInclude Include="process\Thread.h">
      <Filter>process</Filter>
    </ClInclude>
    <ClInclude Include="process\Lock.h">
      <Filter>process</Filter>
    </ClInclude>
    <ClInclude Include="math\XY.h">
      <Filter>math</Filter>
    </ClInclude>
    <ClInclude Include="math\Rect.h">
      <Filter>math</Filter>
    </ClInclude>
    <ClInclude Include="math\Alignment.h">
      <Filter>math</Filter>
    </ClInclude>
    <ClInclude Include="math\Math.h">
      <Filter>math</Filter>
    </ClInclude>
    <ClInclude Include="platform\windows\WindowsException.h">
      <Filter>platform\windows</Filter>
    </ClInclude>
    <ClInclude Include="platform\windows\WindowsGraphics.h">
      <Filter>platform\windows</Filter>
    </ClInclude>
    <ClInclude Include="math\AES.h">
      <Filter>math</Filter>
    </ClInclude>
    <ClInclude Include="math\SHA2.h">
      <Filter>math</Filter>
    </ClInclude>
    <ClInclude Include="platform\windows\WindowsShell.h">
      <Filter>platform\windows</Filter>
    </ClInclude>
    <ClInclude Include="platform\windows\WindowsMutex.h">
      <Filter>platform\windows</Filter>
    </ClInclude>
    <ClInclude Include="platform\windows\WindowsRegistry.h">
      <Filter>platform\windows</Filter>
    </ClInclude>
    <ClInclude Include="util\BitDB.h">
      <Filter>util</Filter>
    </ClInclude>
    <ClInclude Include="util\TimeoutSet.h" />
    <ClInclude Include="meta\Test.h">
      <Filter>meta</Filter>
    </ClInclude>
    <ClInclude Include="cpp.h" />
    <ClInclude Include="Data.h" />
    <ClInclude Include="data\Path.h">
      <Filter>util</Filter>
    </ClInclude>
    <ClInclude Include="network\Http.h">
      <Filter>network</Filter>
    </ClInclude>
    <ClInclude Include="util\Bit.h" />
    <ClInclude Include="time\Date.h">
      <Filter>time</Filter>
    </ClInclude>
    <ClInclude Include="time\DateTime.h">
      <Filter>time</Filter>
    </ClInclude>
    <ClInclude Include="time\Duration.h">
      <Filter>time</Filter>
    </ClInclude>
    <ClInclude Include="time\Time.h">
      <Filter>time</Filter>
    </ClInclude>
    <ClInclude Include="time\Timer.h">
      <Filter>time</Filter>
    </ClInclude>
    <ClInclude Include="data\String.h">
      <Filter>data</Filter>
    </ClInclude>
    <ClInclude Include="data\Size.h">
      <Filter>data</Filter>
    </ClInclude>
    <ClInclude Include="data\RegexMatch.h">
      <Filter>data</Filter>
    </ClInclude>
    <ClInclude Include="data\Memory.h">
      <Filter>data</Filter>
    </ClInclude>
    <ClInclude Include="data\Integer.h">
      <Filter>data</Filter>
    </ClInclude>
    <ClInclude Include="data\Float.h">
      <Filter>data</Filter>
    </ClInclude>
    <ClInclude Include="data\DataMap.h">
      <Filter>data</Filter>
    </ClInclude>
    <ClInclude Include="data\DataArray.h">
      <Filter>data</Filter>
    </ClInclude>
    <ClInclude Include="data\ByteOrder.h">
      <Filter>data</Filter>
    </ClInclude>
    <ClInclude Include="process\Program.h">
      <Filter>process</Filter>
    </ClInclude>
    <ClInclude Include="process\Exception.h">
      <Filter>process</Filter>
    </ClInclude>
    <ClInclude Include="process\Platform.h">
      <Filter>process</Filter>
    </ClInclude>
    <ClInclude Include="text\Utf16.h">
      <Filter>text</Filter>
    </ClInclude>
    <ClInclude Include="text\Unicode.h">
      <Filter>text</Filter>
    </ClInclude>
    <ClInclude Include="text\Utf8.h">
      <Filter>text</Filter>
    </ClInclude>
    <ClInclude Include="data\DataBuffer.h">
      <Filter>data</Filter>
    </ClInclude>
    <ClInclude Include="data\IndexedSet.h">
      <Filter>data</Filter>
    </ClInclude>
    <ClInclude Include="util\Log.h">
      <Filter>util</Filter>
    </ClInclude>
    <ClInclude Include="util\LogFilter.h">
      <Filter>util</Filter>
    </ClInclude>
    <ClInclude Include="file\MemoryFile.h">
      <Filter>file</Filter>
    </ClInclude>
    <ClInclude Include="process\Process-Pipe.h" />
    <ClInclude Include="file\Files.h" />
    <ClInclude Include="process\AsyncIO.h" />
    <ClInclude Include="file\AsyncFile.h" />
    <ClInclude Include="network\TcpConnection.h" />
    <ClInclude Include="network\TcpServer.h" />
    <ClInclude Include="platform\windows\WindowsApp.h" />
    <ClInclude Include="data\Base64.h" />
    <ClInclude Include="data\Hex.h" />
    <ClInclude Include="data\Primitive.h" />
    <ClInclude Include="util\BitFile.h" />
    <ClInclude Include="file\SyncFile.h" />
    <ClInclude Include="io\LineReader.h">
      <Filter>io\reader</Filter>
    </ClInclude>
    <ClInclude Include="io\Input.h" />
    <ClInclude Include="io\Output.h" />
    <ClInclude Include="file\FilePath.h" />
    <ClInclude Include="process\Random.h" />
  </ItemGroup>
  <ItemGroup>
    <Filter Include="io">
      <UniqueIdentifier>{9af4e036-ea04-4e0c-96b4-0d657b854f66}</UniqueIdentifier>
    </Filter>
    <Filter Include="util">
      <UniqueIdentifier>{e9d0db51-5e43-4381-9f4d-e53c0b9d82b3}</UniqueIdentifier>
    </Filter>
    <Filter Include="process">
      <UniqueIdentifier>{b4015350-9758-4ec8-9142-a20e9a47ef53}</UniqueIdentifier>
    </Filter>
    <Filter Include="io\reader">
      <UniqueIdentifier>{ba819834-d872-4343-a4e7-9179525787f6}</UniqueIdentifier>
    </Filter>
    <Filter Include="meta">
      <UniqueIdentifier>{e14c7e4d-5dc3-4ec7-bc4e-86d9049d17ee}</UniqueIdentifier>
    </Filter>
    <Filter Include="math">
      <UniqueIdentifier>{69d260cc-3254-4c0b-9d34-cb93bd78dcc0}</UniqueIdentifier>
    </Filter>
    <Filter Include="platform">
      <UniqueIdentifier>{d0531fa2-085c-4630-a6b9-edfaa6c9fd26}</UniqueIdentifier>
    </Filter>
    <Filter Include="platform\windows">
      <UniqueIdentifier>{6e79ccef-1391-4d0e-9a9d-cfc7e20bdd6d}</UniqueIdentifier>
    </Filter>
    <Filter Include="time">
      <UniqueIdentifier>{3544d44a-2ce0-4ce4-8cc0-b1def9a77061}</UniqueIdentifier>
    </Filter>
    <Filter Include="data">
      <UniqueIdentifier>{4b8e3ac2-a7d2-4aeb-994a-f8e7404b969f}</UniqueIdentifier>
    </Filter>
    <Filter Include="file">
      <UniqueIdentifier>{7ff68d5d-8e29-447f-9625-793e990cec9c}</UniqueIdentifier>
    </Filter>
    <Filter Include="network">
      <UniqueIdentifier>{ba952aee-0777-4a3e-b2a3-6f4319e4c75e}</UniqueIdentifier>
    </Filter>
    <Filter Include="text">
      <UniqueIdentifier>{f6ce26d3-7490-40e7-9783-8a892091160b}</UniqueIdentifier>
    </Filter>
  </ItemGroup>
  <ItemGroup>
    <ClCompile Include="process\Lock.cpp">
      <Filter>process</Filter>
    </ClCompile>
    <ClCompile Include="process\Thread.cpp">
      <Filter>process</Filter>
    </ClCompile>
    <ClCompile Include="math\Alignment.cpp">
      <Filter>math</Filter>
    </ClCompile>
    <ClCompile Include="platform\windows\WindowsApp.cpp">
      <Filter>platform\windows</Filter>
    </ClCompile>
    <ClCompile Include="math\AES.cpp">
      <Filter>math</Filter>
    </ClCompile>
    <ClCompile Include="math\SHA2.cpp">
      <Filter>math</Filter>
    </ClCompile>
    <ClCompile Include="platform\windows\WindowsShell.cpp">
      <Filter>platform\windows</Filter>
    </ClCompile>
    <ClCompile Include="process\Process.cpp">
      <Filter>process</Filter>
    </ClCompile>
    <ClCompile Include="platform\windows\WindowsGraphics.cpp">
      <Filter>platform\windows</Filter>
    </ClCompile>
    <ClCompile Include="math\Rect.cpp">
      <Filter>math</Filter>
    </ClCompile>
    <ClCompile Include="util\BitDB.cpp">
      <Filter>util</Filter>
    </ClCompile>
    <ClCompile Include="meta\Test.cpp">
      <Filter>meta</Filter>
    </ClCompile>
    <ClCompile Include="data\Path.cpp">
      <Filter>util</Filter>
    </ClCompile>
    <ClCompile Include="network\Http.cpp">
      <Filter>network</Filter>
    </ClCompile>
    <ClCompile Include="util\Bit.cpp" />
    <ClCompile Include="time\Date.cpp">
      <Filter>time</Filter>
    </ClCompile>
    <ClCompile Include="time\DateTime.cpp">
      <Filter>time</Filter>
    </ClCompile>
    <ClCompile Include="time\Duration.cpp">
      <Filter>time</Filter>
    </ClCompile>
    <ClCompile Include="time\Time.cpp">
      <Filter>time</Filter>
    </ClCompile>
    <ClCompile Include="data\String.cpp">
      <Filter>data</Filter>
    </ClCompile>
    <ClCompile Include="data\Memory.cpp">
      <Filter>data</Filter>
    </ClCompile>
    <ClCompile Include="data\Integer.cpp">
      <Filter>data</Filter>
    </ClCompile>
    <ClCompile Include="data\Float.cpp">
      <Filter>data</Filter>
    </ClCompile>
    <ClCompile Include="data\DataMap.cpp">
      <Filter>data</Filter>
    </ClCompile>
    <ClCompile Include="data\DataArray.cpp">
      <Filter>data</Filter>
    </ClCompile>
    <ClCompile Include="data\ByteOrder.cpp">
      <Filter>data</Filter>
    </ClCompile>
    <ClCompile Include="process\Program.cpp">
      <Filter>process</Filter>
    </ClCompile>
    <ClCompile Include="text\Utf8.cpp">
      <Filter>text</Filter>
    </ClCompile>
    <ClCompile Include="text\Utf16.cpp">
      <Filter>text</Filter>
    </ClCompile>
    <ClCompile Include="data\DataBuffer.cpp">
      <Filter>data</Filter>
    </ClCompile>
    <ClCompile Include="data\IndexedSet.cpp">
      <Filter>data</Filter>
    </ClCompile>
    <ClCompile Include="util\Log.cpp">
      <Filter>util</Filter>
    </ClCompile>
    <ClCompile Include="util\LogFilter.cpp">
      <Filter>util</Filter>
    </ClCompile>
    <ClCompile Include="file\MemoryFile.cpp">
      <Filter>file</Filter>
    </ClCompile>
    <ClCompile Include="file\AsyncFile.cpp" />
    <ClCompile Include="process\AsyncIO.cpp" />
    <ClCompile Include="network\TcpConnection.cpp" />
    <ClCompile Include="network\TcpServer.cpp" />
    <ClCompile Include="platform\windows\WindowsException.cpp" />
    <ClCompile Include="util\BitFile.cpp" />
    <ClCompile Include="file\SyncFile.cpp" />
    <ClCompile Include="io\LineReader.cpp">
      <Filter>io\reader</Filter>
    </ClCompile>
    <ClCompile Include="file\FilePath.cpp" />
  </ItemGroup>
  <ItemGroup>
    <Natvis Include="meta\cpp.natvis">
      <Filter>meta</Filter>
    </Natvis>
  </ItemGroup>
  <ItemGroup>
    <Text Include="notes.txt" />
  </ItemGroup>
</Project>